
Microsoft Visual Studio Solution File, Format Version 12.00
# Visual Studio Version 16
VisualStudioVersion = 16.0.30611.23
MinimumVisualStudioVersion = 10.0.40219.1
Project("{FAE04EC0-301F-11D3-BF4B-00C04F79EFBC}") = "ControleDeElevadores", "ControleDeElevadores\ControleDeElevadores.csproj", "{952EAB79-3040-430F-BB98-6854A2CA6DB6}"
EndProject
Global
	GlobalSection(SolutionConfigurationPlatforms) = preSolution
		Debug|Any CPU = Debug|Any CPU
		Release|Any CPU = Release|Any CPU
	EndGlobalSection
	GlobalSection(ProjectConfigurationPlatforms) = postSolution
		{952EAB79-3040-430F-BB98-6854A2CA6DB6}.Debug|Any CPU.ActiveCfg = Debug|Any CPU
		{952EAB79-3040-430F-BB98-6854A2CA6DB6}.Debug|Any CPU.Build.0 = Debug|Any CPU
		{952EAB79-3040-430F-BB98-6854A2CA6DB6}.Release|Any CPU.ActiveCfg = Release|Any CPU
		{952EAB79-3040-430F-BB98-6854A2CA6DB6}.Release|Any CPU.Build.0 = Release|Any CPU
	EndGlobalSection
	GlobalSection(SolutionProperties) = preSolution
		HideSolutionNode = FALSE
	EndGlobalSection
	GlobalSection(ExtensibilityGlobals) = postSolution
		SolutionGuid = {491BDB7B-96EF-428E-86EC-D55425E66086}
	EndGlobalSection
EndGlobal
